
Microsoft Visual Studio Solution File, Format Version 12.00
# Visual Studio Version 16
VisualStudioVersion = 16.0.29709.97
MinimumVisualStudioVersion = 10.0.40219.1
Project("{FAE04EC0-301F-11D3-BF4B-00C04F79EFBC}") = "ICQBot", "ICQBot\ICQBot.csproj", "{B2B47956-B0A2-456A-8CBA-09C92B848429}"
EndProject
Project("{FAE04EC0-301F-11D3-BF4B-00C04F79EFBC}") = "TestConsole", "TestConsole\TestConsole.csproj", "{846FA379-23FA-4E20-8087-45239DDCE3A3}"
EndProject
Global
	GlobalSection(SolutionConfigurationPlatforms) = preSolution
		Debug|Any CPU = Debug|Any CPU
		Release|Any CPU = Release|Any CPU
	EndGlobalSection
	GlobalSection(ProjectConfigurationPlatforms) = postSolution
		{B2B47956-B0A2-456A-8CBA-09C92B848429}.Debug|Any CPU.ActiveCfg = Debug|Any CPU
		{B2B47956-B0A2-456A-8CBA-09C92B848429}.Debug|Any CPU.Build.0 = Debug|Any CPU
		{B2B47956-B0A2-456A-8CBA-09C92B848429}.Release|Any CPU.ActiveCfg = Release|Any CPU
		{B2B47956-B0A2-456A-8CBA-09C92B848429}.Release|Any CPU.Build.0 = Release|Any CPU
		{846FA379-23FA-4E20-8087-45239DDCE3A3}.Debug|Any CPU.ActiveCfg = Debug|Any CPU
		{846FA379-23FA-4E20-8087-45239DDCE3A3}.Debug|Any CPU.Build.0 = Debug|Any CPU
		{846FA379-23FA-4E20-8087-45239DDCE3A3}.Release|Any CPU.ActiveCfg = Release|Any CPU
		{846FA379-23FA-4E20-8087-45239DDCE3A3}.Release|Any CPU.Build.0 = Release|Any CPU
	EndGlobalSection
	GlobalSection(SolutionProperties) = preSolution
		HideSolutionNode = FALSE
	EndGlobalSection
	GlobalSection(ExtensibilityGlobals) = postSolution
		SolutionGuid = {C7A16798-36C4-4240-BEBA-5B242D82753D}
	EndGlobalSection
EndGlobal
